// !$*UTF8*$!
{
	archiveVersion = 1;
	classes = {
	};
	objectVersion = 48;
	objects = {

/* Begin PBXBuildFile section */
		A6A342E92057122300CEF152 /* AppDelegate.swift in Sources */ = {isa = PBXBuildFile; fileRef = A6A342E82057122300CEF152 /* AppDelegate.swift */; };
		A6A342EB2057122300CEF152 /* ViewController.swift in Sources */ = {isa = PBXBuildFile; fileRef = A6A342EA2057122300CEF152 /* ViewController.swift */; };
		A6A342EE2057122300CEF152 /* Main.storyboard in Resources */ = {isa = PBXBuildFile; fileRef = A6A342EC2057122300CEF152 /* Main.storyboard */; };
		A6A342F02057122300CEF152 /* Assets.xcassets in Resources */ = {isa = PBXBuildFile; fileRef = A6A342EF2057122300CEF152 /* Assets.xcassets */; };
		A6A342F32057122300CEF152 /* LaunchScreen.storyboard in Resources */ = {isa = PBXBuildFile; fileRef = A6A342F12057122300CEF152 /* LaunchScreen.storyboard */; };
		A6A342FE2057122300CEF152 /* beast_listTests.swift in Sources */ = {isa = PBXBuildFile; fileRef = A6A342FD2057122300CEF152 /* beast_listTests.swift */; };
		A6A343092057122300CEF152 /* beast_listUITests.swift in Sources */ = {isa = PBXBuildFile; fileRef = A6A343082057122300CEF152 /* beast_listUITests.swift */; };
/* End PBXBuildFile section */

/* Begin PBXContainerItemProxy section */
		A6A342FA2057122300CEF152 /* PBXContainerItemProxy */ = {
			isa = PBXContainerItemProxy;
			containerPortal = A6A342DD2057122200CEF152 /* Project object */;
			proxyType = 1;
			remoteGlobalIDString = A6A342E42057122200CEF152;
			remoteInfo = beast_list;
		};
		A6A343052057122300CEF152 /* PBXContainerItemProxy */ = {
			isa = PBXContainerItemProxy;
			containerPortal = A6A342DD2057122200CEF152 /* Project object */;
			proxyType = 1;
			remoteGlobalIDString = A6A342E42057122200CEF152;
			remoteInfo = beast_list;
		};
/* End PBXContainerItemProxy section */

/* Begin PBXFileReference section */
		A6A342E52057122200CEF152 /* beast_list.app */ = {isa = PBXFileReference; explicitFileType = wrapper.application; includeInIndex = 0; path = beast_list.app; sourceTree = BUILT_PRODUCTS_DIR; };
		A6A342E82057122300CEF152 /* AppDelegate.swift */ = {isa = PBXFileReference; lastKnownFileType = sourcecode.swift; path = AppDelegate.swift; sourceTree = "<group>"; };
		A6A342EA2057122300CEF152 /* ViewController.swift */ = {isa = PBXFileReference; lastKnownFileType = sourcecode.swift; path = ViewController.swift; sourceTree = "<group>"; };
		A6A342ED2057122300CEF152 /* Base */ = {isa = PBXFileReference; lastKnownFileType = file.storyboard; name = Base; path = Base.lproj/Main.storyboard; sourceTree = "<group>"; };
		A6A342EF2057122300CEF152 /* Assets.xcassets */ = {isa = PBXFileReference; lastKnownFileType = folder.assetcatalog; path = Assets.xcassets; sourceTree = "<group>"; };
		A6A342F22057122300CEF152 /* Base */ = {isa = PBXFileReference; lastKnownFileType = file.storyboard; name = Base; path = Base.lproj/LaunchScreen.storyboard; sourceTree = "<group>"; };
		A6A342F42057122300CEF152 /* Info.plist */ = {isa = PBXFileReference; lastKnownFileType = text.plist.xml; path = Info.plist; sourceTree = "<group>"; };
		A6A342F92057122300CEF152 /* beast_listTests.xctest */ = {isa = PBXFileReference; explicitFileType = wrapper.cfbundle; includeInIndex = 0; path = beast_listTests.xctest; sourceTree = BUILT_PRODUCTS_DIR; };
		A6A342FD2057122300CEF152 /* beast_listTests.swift */ = {isa = PBXFileReference; lastKnownFileType = sourcecode.swift; path = beast_listTests.swift; sourceTree = "<group>"; };
		A6A342FF2057122300CEF152 /* Info.plist */ = {isa = PBXFileReference; lastKnownFileType = text.plist.xml; path = Info.plist; sourceTree = "<group>"; };
		A6A343042057122300CEF152 /* beast_listUITests.xctest */ = {isa = PBXFileReference; explicitFileType = wrapper.cfbundle; includeInIndex = 0; path = beast_listUITests.xctest; sourceTree = BUILT_PRODUCTS_DIR; };
		A6A343082057122300CEF152 /* beast_listUITests.swift */ = {isa = PBXFileReference; lastKnownFileType = sourcecode.swift; path = beast_listUITests.swift; sourceTree = "<group>"; };
		A6A3430A2057122300CEF152 /* Info.plist */ = {isa = PBXFileReference; lastKnownFileType = text.plist.xml; path = Info.plist; sourceTree = "<group>"; };
/* End PBXFileReference section */

/* Begin PBXFrameworksBuildPhase section */
		A6A342E22057122200CEF152 /* Frameworks */ = {
			isa = PBXFrameworksBuildPhase;
			buildActionMask = 2147483647;
			files = (
			);
			runOnlyForDeploymentPostprocessing = 0;
		};
		A6A342F62057122300CEF152 /* Frameworks */ = {
			isa = PBXFrameworksBuildPhase;
			buildActionMask = 2147483647;
			files = (
			);
			runOnlyForDeploymentPostprocessing = 0;
		};
		A6A343012057122300CEF152 /* Frameworks */ = {
			isa = PBXFrameworksBuildPhase;
			buildActionMask = 2147483647;
			files = (
			);
			runOnlyForDeploymentPostprocessing = 0;
		};
/* End PBXFrameworksBuildPhase section */

/* Begin PBXGroup section */
		A6A342DC2057122200CEF152 = {
			isa = PBXGroup;
			children = (
				A6A342E72057122200CEF152 /* beast_list */,
				A6A342FC2057122300CEF152 /* beast_listTests */,
				A6A343072057122300CEF152 /* beast_listUITests */,
				A6A342E62057122200CEF152 /* Products */,
			);
			sourceTree = "<group>";
		};
		A6A342E62057122200CEF152 /* Products */ = {
			isa = PBXGroup;
			children = (
				A6A342E52057122200CEF152 /* beast_list.app */,
				A6A342F92057122300CEF152 /* beast_listTests.xctest */,
				A6A343042057122300CEF152 /* beast_listUITests.xctest */,
			);
			name = Products;
			sourceTree = "<group>";
		};
		A6A342E72057122200CEF152 /* beast_list */ = {
			isa = PBXGroup;
			children = (
				A6A342E82057122300CEF152 /* AppDelegate.swift */,
				A6A342EA2057122300CEF152 /* ViewController.swift */,
				A6A342EC2057122300CEF152 /* Main.storyboard */,
				A6A342EF2057122300CEF152 /* Assets.xcassets */,
				A6A342F12057122300CEF152 /* LaunchScreen.storyboard */,
				A6A342F42057122300CEF152 /* Info.plist */,
			);
			path = beast_list;
			sourceTree = "<group>";
		};
		A6A342FC2057122300CEF152 /* beast_listTests */ = {
			isa = PBXGroup;
			children = (
				A6A342FD2057122300CEF152 /* beast_listTests.swift */,
				A6A342FF2057122300CEF152 /* Info.plist */,
			);
			path = beast_listTests;
			sourceTree = "<group>";
		};
		A6A343072057122300CEF152 /* beast_listUITests */ = {
			isa = PBXGroup;
			children = (
				A6A343082057122300CEF152 /* beast_listUITests.swift */,
				A6A3430A2057122300CEF152 /* Info.plist */,
			);
			path = beast_listUITests;
			sourceTree = "<group>";
		};
/* End PBXGroup section */

/* Begin PBXNativeTarget section */
		A6A342E42057122200CEF152 /* beast_list */ = {
			isa = PBXNativeTarget;
			buildConfigurationList = A6A3430D2057122300CEF152 /* Build configuration list for PBXNativeTarget "beast_list" */;
			buildPhases = (
				A6A342E12057122200CEF152 /* Sources */,
				A6A342E22057122200CEF152 /* Frameworks */,
				A6A342E32057122200CEF152 /* Resources */,
			);
			buildRules = (
			);
			dependencies = (
			);
			name = beast_list;
			productName = beast_list;
			productReference = A6A342E52057122200CEF152 /* beast_list.app */;
			productType = "com.apple.product-type.application";
		};
		A6A342F82057122300CEF152 /* beast_listTests */ = {
			isa = PBXNativeTarget;
			buildConfigurationList = A6A343102057122300CEF152 /* Build configuration list for PBXNativeTarget "beast_listTests" */;
			buildPhases = (
				A6A342F52057122300CEF152 /* Sources */,
				A6A342F62057122300CEF152 /* Frameworks */,
				A6A342F72057122300CEF152 /* Resources */,
			);
			buildRules = (
			);
			dependencies = (
				A6A342FB2057122300CEF152 /* PBXTargetDependency */,
			);
			name = beast_listTests;
			productName = beast_listTests;
			productReference = A6A342F92057122300CEF152 /* beast_listTests.xctest */;
			productType = "com.apple.product-type.bundle.unit-test";
		};
		A6A343032057122300CEF152 /* beast_listUITests */ = {
			isa = PBXNativeTarget;
			buildConfigurationList = A6A343132057122300CEF152 /* Build configuration list for PBXNativeTarget "beast_listUITests" */;
			buildPhases = (
				A6A343002057122300CEF152 /* Sources */,
				A6A343012057122300CEF152 /* Frameworks */,
				A6A343022057122300CEF152 /* Resources */,
			);
			buildRules = (
			);
			dependencies = (
				A6A343062057122300CEF152 /* PBXTargetDependency */,
			);
			name = beast_listUITests;
			productName = beast_listUITests;
			productReference = A6A343042057122300CEF152 /* beast_listUITests.xctest */;
			productType = "com.apple.product-type.bundle.ui-testing";
		};
/* End PBXNativeTarget section */

/* Begin PBXProject section */
		A6A342DD2057122200CEF152 /* Project object */ = {
			isa = PBXProject;
			attributes = {
				LastSwiftUpdateCheck = 0920;
				LastUpgradeCheck = 0920;
				ORGANIZATIONNAME = "Ruslan Suvorov";
				TargetAttributes = {
					A6A342E42057122200CEF152 = {
						CreatedOnToolsVersion = 9.2;
						ProvisioningStyle = Automatic;
					};
					A6A342F82057122300CEF152 = {
						CreatedOnToolsVersion = 9.2;
						ProvisioningStyle = Automatic;
						TestTargetID = A6A342E42057122200CEF152;
					};
					A6A343032057122300CEF152 = {
						CreatedOnToolsVersion = 9.2;
						ProvisioningStyle = Automatic;
						TestTargetID = A6A342E42057122200CEF152;
					};
				};
			};
			buildConfigurationList = A6A342E02057122200CEF152 /* Build configuration list for PBXProject "beast_list" */;
			compatibilityVersion = "Xcode 8.0";
			developmentRegion = en;
			hasScannedForEncodings = 0;
			knownRegions = (
				en,
				Base,
			);
			mainGroup = A6A342DC2057122200CEF152;
			productRefGroup = A6A342E62057122200CEF152 /* Products */;
			projectDirPath = "";
			projectRoot = "";
			targets = (
				A6A342E42057122200CEF152 /* beast_list */,
				A6A342F82057122300CEF152 /* beast_listTests */,
				A6A343032057122300CEF152 /* beast_listUITests */,
			);
		};
/* End PBXProject section */

/* Begin PBXResourcesBuildPhase section */
		A6A342E32057122200CEF152 /* Resources */ = {
			isa = PBXResourcesBuildPhase;
			buildActionMask = 2147483647;
			files = (
				A6A342F32057122300CEF152 /* LaunchScreen.storyboard in Resources */,
				A6A342F02057122300CEF152 /* Assets.xcassets in Resources */,
				A6A342EE2057122300CEF152 /* Main.storyboard in Resources */,
			);
			runOnlyForDeploymentPostprocessing = 0;
		};
		A6A342F72057122300CEF152 /* Resources */ = {
			isa = PBXResourcesBuildPhase;
			buildActionMask = 2147483647;
			files = (
			);
			runOnlyForDeploymentPostprocessing = 0;
		};
		A6A343022057122300CEF152 /* Resources */ = {
			isa = PBXResourcesBuildPhase;
			buildActionMask = 2147483647;
			files = (
			);
			runOnlyForDeploymentPostprocessing = 0;
		};
/* End PBXResourcesBuildPhase section */

/* Begin PBXSourcesBuildPhase section */
		A6A342E12057122200CEF152 /* Sources */ = {
			isa = PBXSourcesBuildPhase;
			buildActionMask = 2147483647;
			files = (
				A6A342EB2057122300CEF152 /* ViewController.swift in Sources */,
				A6A342E92057122300CEF152 /* AppDelegate.swift in Sources */,
			);
			runOnlyForDeploymentPostprocessing = 0;
		};
		A6A342F52057122300CEF152 /* Sources */ = {
			isa = PBXSourcesBuildPhase;
			buildActionMask = 2147483647;
			files = (
				A6A342FE2057122300CEF152 /* beast_listTests.swift in Sources */,
			);
			runOnlyForDeploymentPostprocessing = 0;
		};
		A6A343002057122300CEF152 /* Sources */ = {
			isa = PBXSourcesBuildPhase;
			buildActionMask = 2147483647;
			files = (
				A6A343092057122300CEF152 /* beast_listUITests.swift in Sources */,
			);
			runOnlyForDeploymentPostprocessing = 0;
		};
/* End PBXSourcesBuildPhase section */

/* Begin PBXTargetDependency section */
		A6A342FB2057122300CEF152 /* PBXTargetDependency */ = {
			isa = PBXTargetDependency;
			target = A6A342E42057122200CEF152 /* beast_list */;
			targetProxy = A6A342FA2057122300CEF152 /* PBXContainerItemProxy */;
		};
		A6A343062057122300CEF152 /* PBXTargetDependency */ = {
			isa = PBXTargetDependency;
			target = A6A342E42057122200CEF152 /* beast_list */;
			targetProxy = A6A343052057122300CEF152 /* PBXContainerItemProxy */;
		};
/* End PBXTargetDependency section */

/* Begin PBXVariantGroup section */
		A6A342EC2057122300CEF152 /* Main.storyboard */ = {
			isa = PBXVariantGroup;
			children = (
				A6A342ED2057122300CEF152 /* Base */,
			);
			name = Main.storyboard;
			sourceTree = "<group>";
		};
		A6A342F12057122300CEF152 /* LaunchScreen.storyboard */ = {
			isa = PBXVariantGroup;
			children = (
				A6A342F22057122300CEF152 /* Base */,
			);
			name = LaunchScreen.storyboard;
			sourceTree = "<group>";
		};
/* End PBXVariantGroup section */

/* Begin XCBuildConfiguration section */
		A6A3430B2057122300CEF152 /* Debug */ = {
			isa = XCBuildConfiguration;
			buildSettings = {
				ALWAYS_SEARCH_USER_PATHS = NO;
				CLANG_ANALYZER_NONNULL = YES;
				CLANG_ANALYZER_NUMBER_OBJECT_CONVERSION = YES_AGGRESSIVE;
				CLANG_CXX_LANGUAGE_STANDARD = "gnu++14";
				CLANG_CXX_LIBRARY = "libc++";
				CLANG_ENABLE_MODULES = YES;
				CLANG_ENABLE_OBJC_ARC = YES;
				CLANG_WARN_BLOCK_CAPTURE_AUTORELEASING = YES;
				CLANG_WARN_BOOL_CONVERSION = YES;
				CLANG_WARN_COMMA = YES;
				CLANG_WARN_CONSTANT_CONVERSION = YES;
				CLANG_WARN_DIRECT_OBJC_ISA_USAGE = YES_ERROR;
				CLANG_WARN_DOCUMENTATION_COMMENTS = YES;
				CLANG_WARN_EMPTY_BODY = YES;
				CLANG_WARN_ENUM_CONVERSION = YES;
				CLANG_WARN_INFINITE_RECURSION = YES;
				CLANG_WARN_INT_CONVERSION = YES;
				CLANG_WARN_NON_LITERAL_NULL_CONVERSION = YES;
				CLANG_WARN_OBJC_LITERAL_CONVERSION = YES;
				CLANG_WARN_OBJC_ROOT_CLASS = YES_ERROR;
				CLANG_WARN_RANGE_LOOP_ANALYSIS = YES;
				CLANG_WARN_STRICT_PROTOTYPES = YES;
				CLANG_WARN_SUSPICIOUS_MOVE = YES;
				CLANG_WARN_UNGUARDED_AVAILABILITY = YES_AGGRESSIVE;
				CLANG_WARN_UNREACHABLE_CODE = YES;
				CLANG_WARN__DUPLICATE_METHOD_MATCH = YES;
				CODE_SIGN_IDENTITY = "iPhone Developer";
				COPY_PHASE_STRIP = NO;
				DEBUG_INFORMATION_FORMAT = dwarf;
				ENABLE_STRICT_OBJC_MSGSEND = YES;
				ENABLE_TESTABILITY = YES;
				GCC_C_LANGUAGE_STANDARD = gnu11;
				GCC_DYNAMIC_NO_PIC = NO;
				GCC_NO_COMMON_BLOCKS = YES;
				GCC_OPTIMIZATION_LEVEL = 0;
				GCC_PREPROCESSOR_DEFINITIONS = (
					"DEBUG=1",
					"$(inherited)",
				);
				GCC_WARN_64_TO_32_BIT_CONVERSION = YES;
				GCC_WARN_ABOUT_RETURN_TYPE = YES_ERROR;
				GCC_WARN_UNDECLARED_SELECTOR = YES;
				GCC_WARN_UNINITIALIZED_AUTOS = YES_AGGRESSIVE;
				GCC_WARN_UNUSED_FUNCTION = YES;
				GCC_WARN_UNUSED_VARIABLE = YES;
				IPHONEOS_DEPLOYMENT_TARGET = 11.2;
				MTL_ENABLE_DEBUG_INFO = YES;
				ONLY_ACTIVE_ARCH = YES;
				SDKROOT = iphoneos;
				SWIFT_ACTIVE_COMPILATION_CONDITIONS = DEBUG;
				SWIFT_OPTIMIZATION_LEVEL = "-Onone";
			};
			name = Debug;
		};
		A6A3430C2057122300CEF152 /* Release */ = {
			isa = XCBuildConfiguration;
			buildSettings = {
				ALWAYS_SEARCH_USER_PATHS = NO;
				CLANG_ANALYZER_NONNULL = YES;
				CLANG_ANALYZER_NUMBER_OBJECT_CONVERSION = YES_AGGRESSIVE;
				CLANG_CXX_LANGUAGE_STANDARD = "gnu++14";
				CLANG_CXX_LIBRARY = "libc++";
				CLANG_ENABLE_MODULES = YES;
				CLANG_ENABLE_OBJC_ARC = YES;
				CLANG_WARN_BLOCK_CAPTURE_AUTORELEASING = YES;
				CLANG_WARN_BOOL_CONVERSION = YES;
				CLANG_WARN_COMMA = YES;
				CLANG_WARN_CONSTANT_CONVERSION = YES;
				CLANG_WARN_DIRECT_OBJC_ISA_USAGE = YES_ERROR;
				CLANG_WARN_DOCUMENTATION_COMMENTS = YES;
				CLANG_WARN_EMPTY_BODY = YES;
				CLANG_WARN_ENUM_CONVERSION = YES;
				CLANG_WARN_INFINITE_RECURSION = YES;
				CLANG_WARN_INT_CONVERSION = YES;
				CLANG_WARN_NON_LITERAL_NULL_CONVERSION = YES;
				CLANG_WARN_OBJC_LITERAL_CONVERSION = YES;
				CLANG_WARN_OBJC_ROOT_CLASS = YES_ERROR;
				CLANG_WARN_RANGE_LOOP_ANALYSIS = YES;
				CLANG_WARN_STRICT_PROTOTYPES = YES;
				CLANG_WARN_SUSPICIOUS_MOVE = YES;
				CLANG_WARN_UNGUARDED_AVAILABILITY = YES_AGGRESSIVE;
				CLANG_WARN_UNREACHABLE_CODE = YES;
				CLANG_WARN__DUPLICATE_METHOD_MATCH = YES;
				CODE_SIGN_IDENTITY = "iPhone Developer";
				COPY_PHASE_STRIP = NO;
				DEBUG_INFORMATION_FORMAT = "dwarf-with-dsym";
				ENABLE_NS_ASSERTIONS = NO;
				ENABLE_STRICT_OBJC_MSGSEND = YES;
				GCC_C_LANGUAGE_STANDARD = gnu11;
				GCC_NO_COMMON_BLOCKS = YES;
				GCC_WARN_64_TO_32_BIT_CONVERSION = YES;
				GCC_WARN_ABOUT_RETURN_TYPE = YES_ERROR;
				GCC_WARN_UNDECLARED_SELECTOR = YES;
				GCC_WARN_UNINITIALIZED_AUTOS = YES_AGGRESSIVE;
				GCC_WARN_UNUSED_FUNCTION = YES;
				GCC_WARN_UNUSED_VARIABLE = YES;
				IPHONEOS_DEPLOYMENT_TARGET = 11.2;
				MTL_ENABLE_DEBUG_INFO = NO;
				SDKROOT = iphoneos;
				SWIFT_OPTIMIZATION_LEVEL = "-Owholemodule";
				VALIDATE_PRODUCT = YES;
			};
			name = Release;
		};
		A6A3430E2057122300CEF152 /* Debug */ = {
			isa = XCBuildConfiguration;
			buildSettings = {
				ASSETCATALOG_COMPILER_APPICON_NAME = AppIcon;
				CODE_SIGN_STYLE = Automatic;
				DEVELOPMENT_TEAM = 4LCWFZ2JA9;
				INFOPLIST_FILE = beast_list/Info.plist;
				LD_RUNPATH_SEARCH_PATHS = "$(inherited) @executable_path/Frameworks";
				PRODUCT_BUNDLE_IDENTIFIER = "none.beast-list";
				PRODUCT_NAME = "$(TARGET_NAME)";
				SWIFT_VERSION = 4.0;
				TARGETED_DEVICE_FAMILY = "1,2";
			};
			name = Debug;
		};
		A6A3430F2057122300CEF152 /* Release */ = {
			isa = XCBuildConfiguration;
			buildSettings = {
				ASSETCATALOG_COMPILER_APPICON_NAME = AppIcon;
				CODE_SIGN_STYLE = Automatic;
				DEVELOPMENT_TEAM = 4LCWFZ2JA9;
				INFOPLIST_FILE = beast_list/Info.plist;
				LD_RUNPATH_SEARCH_PATHS = "$(inherited) @executable_path/Frameworks";
				PRODUCT_BUNDLE_IDENTIFIER = "none.beast-list";
				PRODUCT_NAME = "$(TARGET_NAME)";
				SWIFT_VERSION = 4.0;
				TARGETED_DEVICE_FAMILY = "1,2";
			};
			name = Release;
		};
		A6A343112057122300CEF152 /* Debug */ = {
			isa = XCBuildConfiguration;
			buildSettings = {
				ALWAYS_EMBED_SWIFT_STANDARD_LIBRARIES = YES;
				BUNDLE_LOADER = "$(TEST_HOST)";
				CODE_SIGN_STYLE = Automatic;
				DEVELOPMENT_TEAM = 4LCWFZ2JA9;
				INFOPLIST_FILE = beast_listTests/Info.plist;
				LD_RUNPATH_SEARCH_PATHS = "$(inherited) @executable_path/Frameworks @loader_path/Frameworks";
				PRODUCT_BUNDLE_IDENTIFIER = "none.beast-listTests";
				PRODUCT_NAME = "$(TARGET_NAME)";
				SWIFT_VERSION = 4.0;
				TARGETED_DEVICE_FAMILY = "1,2";
				TEST_HOST = "$(BUILT_PRODUCTS_DIR)/beast_list.app/beast_list";
			};
			name = Debug;
		};
		A6A343122057122300CEF152 /* Release */ = {
			isa = XCBuildConfiguration;
			buildSettings = {
				ALWAYS_EMBED_SWIFT_STANDARD_LIBRARIES = YES;
				BUNDLE_LOADER = "$(TEST_HOST)";
				CODE_SIGN_STYLE = Automatic;
				DEVELOPMENT_TEAM = 4LCWFZ2JA9;
				INFOPLIST_FILE = beast_listTests/Info.plist;
				LD_RUNPATH_SEARCH_PATHS = "$(inherited) @executable_path/Frameworks @loader_path/Frameworks";
				PRODUCT_BUNDLE_IDENTIFIER = "none.beast-listTests";
				PRODUCT_NAME = "$(TARGET_NAME)";
				SWIFT_VERSION = 4.0;
				TARGETED_DEVICE_FAMILY = "1,2";
				TEST_HOST = "$(BUILT_PRODUCTS_DIR)/beast_list.app/beast_list";
			};
			name = Release;
		};
		A6A343142057122300CEF152 /* Debug */ = {
			isa = XCBuildConfiguration;
			buildSettings = {
				ALWAYS_EMBED_SWIFT_STANDARD_LIBRARIES = YES;
				CODE_SIGN_STYLE = Automatic;
				DEVELOPMENT_TEAM = 4LCWFZ2JA9;
				INFOPLIST_FILE = beast_listUITests/Info.plist;
				LD_RUNPATH_SEARCH_PATHS = "$(inherited) @executable_path/Frameworks @loader_path/Frameworks";
				PRODUCT_BUNDLE_IDENTIFIER = "none.beast-listUITests";
				PRODUCT_NAME = "$(TARGET_NAME)";
				SWIFT_VERSION = 4.0;
				TARGETED_DEVICE_FAMILY = "1,2";
				TEST_TARGET_NAME = beast_list;
			};
			name = Debug;
		};
		A6A343152057122300CEF152 /* Release */ = {
			isa = XCBuildConfiguration;
			buildSettings = {
				ALWAYS_EMBED_SWIFT_STANDARD_LIBRARIES = YES;
				CODE_SIGN_STYLE = Automatic;
				DEVELOPMENT_TEAM = 4LCWFZ2JA9;
				INFOPLIST_FILE = beast_listUITests/Info.plist;
				LD_RUNPATH_SEARCH_PATHS = "$(inherited) @executable_path/Frameworks @loader_path/Frameworks";
				PRODUCT_BUNDLE_IDENTIFIER = "none.beast-listUITests";
				PRODUCT_NAME = "$(TARGET_NAME)";
				SWIFT_VERSION = 4.0;
				TARGETED_DEVICE_FAMILY = "1,2";
				TEST_TARGET_NAME = beast_list;
			};
			name = Release;
		};
/* End XCBuildConfiguration section */

/* Begin XCConfigurationList section */
		A6A342E02057122200CEF152 /* Build configuration list for PBXProject "beast_list" */ = {
			isa = XCConfigurationList;
			buildConfigurations = (
				A6A3430B2057122300CEF152 /* Debug */,
				A6A3430C2057122300CEF152 /* Release */,
			);
			defaultConfigurationIsVisible = 0;
			defaultConfigurationName = Release;
		};
		A6A3430D2057122300CEF152 /* Build configuration list for PBXNativeTarget "beast_list" */ = {
			isa = XCConfigurationList;
			buildConfigurations = (
				A6A3430E2057122300CEF152 /* Debug */,
				A6A3430F2057122300CEF152 /* Release */,
			);
			defaultConfigurationIsVisible = 0;
			defaultConfigurationName = Release;
		};
		A6A343102057122300CEF152 /* Build configuration list for PBXNativeTarget "beast_listTests" */ = {
			isa = XCConfigurationList;
			buildConfigurations = (
				A6A343112057122300CEF152 /* Debug */,
				A6A343122057122300CEF152 /* Release */,
			);
			defaultConfigurationIsVisible = 0;
			defaultConfigurationName = Release;
		};
		A6A343132057122300CEF152 /* Build configuration list for PBXNativeTarget "beast_listUITests" */ = {
			isa = XCConfigurationList;
			buildConfigurations = (
				A6A343142057122300CEF152 /* Debug */,
				A6A343152057122300CEF152 /* Release */,
			);
			defaultConfigurationIsVisible = 0;
			defaultConfigurationName = Release;
		};
/* End XCConfigurationList section */
	};
	rootObject = A6A342DD2057122200CEF152 /* Project object */;
}
